
Microsoft Visual Studio Solution File, Format Version 12.00
# Visual Studio 15
Project("{FAE04EC0-301F-11D3-BF4B-00C04F79EFBC}") = "Unity.XR.Interaction.Toolkit.Samples.DeviceSimulator", "Unity.XR.Interaction.Toolkit.Samples.DeviceSimulator.csproj", "{E74BA20E-1F73-1C72-D830-4996972534EF}"
EndProject
Project("{FAE04EC0-301F-11D3-BF4B-00C04F79EFBC}") = "Unity.XR.Interaction.Toolkit.Samples.ARStarterAssets", "Unity.XR.Interaction.Toolkit.Samples.ARStarterAssets.csproj", "{111B4DF7-F591-840F-D37B-A61E82339489}"
EndProject
Project("{FAE04EC0-301F-11D3-BF4B-00C04F79EFBC}") = "Unity.XR.Interaction.Toolkit.Samples.StarterAssets.Editor", "Unity.XR.Interaction.Toolkit.Samples.StarterAssets.Editor.csproj", "{BB8811DC-4A20-5874-68DC-05DB23E82DE7}"
EndProject
Project("{FAE04EC0-301F-11D3-BF4B-00C04F79EFBC}") = "Unity.XR.Interaction.Toolkit.Samples.ARStarterAssets.Editor", "Unity.XR.Interaction.Toolkit.Samples.ARStarterAssets.Editor.csproj", "{38D1FF15-E3F4-29A9-09AA-D5AD26C02CFF}"
EndProject
Project("{FAE04EC0-301F-11D3-BF4B-00C04F79EFBC}") = "Unity.XR.Interaction.Toolkit.Samples.StarterAssets", "Unity.XR.Interaction.Toolkit.Samples.StarterAssets.csproj", "{5117A66C-9962-79E9-040E-2064BBEF71D5}"
EndProject
Global
	GlobalSection(SolutionConfigurationPlatforms) = preSolution
		Debug|Any CPU = Debug|Any CPU
		Release|Any CPU = Release|Any CPU
	EndGlobalSection
	GlobalSection(ProjectConfigurationPlatforms) = postSolution
		{E74BA20E-1F73-1C72-D830-4996972534EF}.Debug|Any CPU.ActiveCfg = Debug|Any CPU
		{E74BA20E-1F73-1C72-D830-4996972534EF}.Debug|Any CPU.Build.0 = Debug|Any CPU
		{E74BA20E-1F73-1C72-D830-4996972534EF}.Release|Any CPU.ActiveCfg = Release|Any CPU
		{E74BA20E-1F73-1C72-D830-4996972534EF}.Release|Any CPU.Build.0 = Release|Any CPU
		{111B4DF7-F591-840F-D37B-A61E82339489}.Debug|Any CPU.ActiveCfg = Debug|Any CPU
		{111B4DF7-F591-840F-D37B-A61E82339489}.Debug|Any CPU.Build.0 = Debug|Any CPU
		{111B4DF7-F591-840F-D37B-A61E82339489}.Release|Any CPU.ActiveCfg = Release|Any CPU
		{111B4DF7-F591-840F-D37B-A61E82339489}.Release|Any CPU.Build.0 = Release|Any CPU
		{BB8811DC-4A20-5874-68DC-05DB23E82DE7}.Debug|Any CPU.ActiveCfg = Debug|Any CPU
		{BB8811DC-4A20-5874-68DC-05DB23E82DE7}.Debug|Any CPU.Build.0 = Debug|Any CPU
		{BB8811DC-4A20-5874-68DC-05DB23E82DE7}.Release|Any CPU.ActiveCfg = Release|Any CPU
		{BB8811DC-4A20-5874-68DC-05DB23E82DE7}.Release|Any CPU.Build.0 = Release|Any CPU
		{38D1FF15-E3F4-29A9-09AA-D5AD26C02CFF}.Debug|Any CPU.ActiveCfg = Debug|Any CPU
		{38D1FF15-E3F4-29A9-09AA-D5AD26C02CFF}.Debug|Any CPU.Build.0 = Debug|Any CPU
		{38D1FF15-E3F4-29A9-09AA-D5AD26C02CFF}.Release|Any CPU.ActiveCfg = Release|Any CPU
		{38D1FF15-E3F4-29A9-09AA-D5AD26C02CFF}.Release|Any CPU.Build.0 = Release|Any CPU
		{5117A66C-9962-79E9-040E-2064BBEF71D5}.Debug|Any CPU.ActiveCfg = Debug|Any CPU
		{5117A66C-9962-79E9-040E-2064BBEF71D5}.Debug|Any CPU.Build.0 = Debug|Any CPU
		{5117A66C-9962-79E9-040E-2064BBEF71D5}.Release|Any CPU.ActiveCfg = Release|Any CPU
		{5117A66C-9962-79E9-040E-2064BBEF71D5}.Release|Any CPU.Build.0 = Release|Any CPU
	EndGlobalSection
	GlobalSection(SolutionProperties) = preSolution
		HideSolutionNode = FALSE
	EndGlobalSection
EndGlobal
