
Microsoft Visual Studio Solution File, Format Version 12.00
# Visual Studio 15
Project("{FAE04EC0-301F-11D3-BF4B-00C04F79EFBC}") = "Assembly-CSharp", "Assembly-CSharp.csproj", "{AC0E04BE-CDF5-82F4-A934-8A98CDABADAC}"
EndProject
Project("{FAE04EC0-301F-11D3-BF4B-00C04F79EFBC}") = "Assembly-CSharp-Editor", "Assembly-CSharp-Editor.csproj", "{D7EBD774-C5E4-F412-EC5E-25ED0E629AB6}"
EndProject
Global
	GlobalSection(SolutionConfigurationPlatforms) = preSolution
		Debug|Any CPU = Debug|Any CPU
		Release|Any CPU = Release|Any CPU
	EndGlobalSection
	GlobalSection(ProjectConfigurationPlatforms) = postSolution
		{AC0E04BE-CDF5-82F4-A934-8A98CDABADAC}.Debug|Any CPU.ActiveCfg = Debug|Any CPU
		{AC0E04BE-CDF5-82F4-A934-8A98CDABADAC}.Debug|Any CPU.Build.0 = Debug|Any CPU
		{AC0E04BE-CDF5-82F4-A934-8A98CDABADAC}.Release|Any CPU.ActiveCfg = Release|Any CPU
		{AC0E04BE-CDF5-82F4-A934-8A98CDABADAC}.Release|Any CPU.Build.0 = Release|Any CPU
		{D7EBD774-C5E4-F412-EC5E-25ED0E629AB6}.Debug|Any CPU.ActiveCfg = Debug|Any CPU
		{D7EBD774-C5E4-F412-EC5E-25ED0E629AB6}.Debug|Any CPU.Build.0 = Debug|Any CPU
		{D7EBD774-C5E4-F412-EC5E-25ED0E629AB6}.Release|Any CPU.ActiveCfg = Release|Any CPU
		{D7EBD774-C5E4-F412-EC5E-25ED0E629AB6}.Release|Any CPU.Build.0 = Release|Any CPU
	EndGlobalSection
	GlobalSection(SolutionProperties) = preSolution
		HideSolutionNode = FALSE
	EndGlobalSection
EndGlobal
