
Microsoft Visual Studio Solution File, Format Version 12.00
# Visual Studio 15
Project("{FAE04EC0-301F-11D3-BF4B-00C04F79EFBC}") = "SteamVR", "SteamVR.csproj", "{50C8EC39-0EAF-ACD7-BA23-37BC6E7939A6}"
EndProject
Project("{FAE04EC0-301F-11D3-BF4B-00C04F79EFBC}") = "Assembly-CSharp", "Assembly-CSharp.csproj", "{8238E988-7E79-AFCD-6200-AC248FA62630}"
EndProject
Project("{FAE04EC0-301F-11D3-BF4B-00C04F79EFBC}") = "ViconPluginUtils", "ViconPluginUtils.csproj", "{8593F2D9-8CEB-51B3-DDB9-8A428079860B}"
EndProject
Project("{FAE04EC0-301F-11D3-BF4B-00C04F79EFBC}") = "Unity.XR.Interaction.Toolkit.Samples.StarterAssets", "Unity.XR.Interaction.Toolkit.Samples.StarterAssets.csproj", "{CE28F0A6-AED3-173F-A851-DF7144DBEBBC}"
EndProject
Project("{FAE04EC0-301F-11D3-BF4B-00C04F79EFBC}") = "Scripts", "Scripts.csproj", "{C17ACBAF-9618-D673-FA42-6BBFBEDA63EB}"
EndProject
Project("{FAE04EC0-301F-11D3-BF4B-00C04F79EFBC}") = "SteamVR_Input_Editor", "SteamVR_Input_Editor.csproj", "{3AA03CDF-66F8-1C00-2868-A03637BDEEC5}"
EndProject
Project("{FAE04EC0-301F-11D3-BF4B-00C04F79EFBC}") = "SteamVR_Editor", "SteamVR_Editor.csproj", "{EBEA8EE7-3564-4705-08E6-0E331B138FBD}"
EndProject
Project("{FAE04EC0-301F-11D3-BF4B-00C04F79EFBC}") = "SteamVR_Windows_EditorHelper", "SteamVR_Windows_EditorHelper.csproj", "{B2E4609C-3DAB-4614-F03D-69BE30A9F46F}"
EndProject
Global
	GlobalSection(SolutionConfigurationPlatforms) = preSolution
		Debug|Any CPU = Debug|Any CPU
		Release|Any CPU = Release|Any CPU
	EndGlobalSection
	GlobalSection(ProjectConfigurationPlatforms) = postSolution
		{50C8EC39-0EAF-ACD7-BA23-37BC6E7939A6}.Debug|Any CPU.ActiveCfg = Debug|Any CPU
		{50C8EC39-0EAF-ACD7-BA23-37BC6E7939A6}.Debug|Any CPU.Build.0 = Debug|Any CPU
		{50C8EC39-0EAF-ACD7-BA23-37BC6E7939A6}.Release|Any CPU.ActiveCfg = Release|Any CPU
		{50C8EC39-0EAF-ACD7-BA23-37BC6E7939A6}.Release|Any CPU.Build.0 = Release|Any CPU
		{8238E988-7E79-AFCD-6200-AC248FA62630}.Debug|Any CPU.ActiveCfg = Debug|Any CPU
		{8238E988-7E79-AFCD-6200-AC248FA62630}.Debug|Any CPU.Build.0 = Debug|Any CPU
		{8238E988-7E79-AFCD-6200-AC248FA62630}.Release|Any CPU.ActiveCfg = Release|Any CPU
		{8238E988-7E79-AFCD-6200-AC248FA62630}.Release|Any CPU.Build.0 = Release|Any CPU
		{8593F2D9-8CEB-51B3-DDB9-8A428079860B}.Debug|Any CPU.ActiveCfg = Debug|Any CPU
		{8593F2D9-8CEB-51B3-DDB9-8A428079860B}.Debug|Any CPU.Build.0 = Debug|Any CPU
		{8593F2D9-8CEB-51B3-DDB9-8A428079860B}.Release|Any CPU.ActiveCfg = Release|Any CPU
		{8593F2D9-8CEB-51B3-DDB9-8A428079860B}.Release|Any CPU.Build.0 = Release|Any CPU
		{CE28F0A6-AED3-173F-A851-DF7144DBEBBC}.Debug|Any CPU.ActiveCfg = Debug|Any CPU
		{CE28F0A6-AED3-173F-A851-DF7144DBEBBC}.Debug|Any CPU.Build.0 = Debug|Any CPU
		{CE28F0A6-AED3-173F-A851-DF7144DBEBBC}.Release|Any CPU.ActiveCfg = Release|Any CPU
		{CE28F0A6-AED3-173F-A851-DF7144DBEBBC}.Release|Any CPU.Build.0 = Release|Any CPU
		{C17ACBAF-9618-D673-FA42-6BBFBEDA63EB}.Debug|Any CPU.ActiveCfg = Debug|Any CPU
		{C17ACBAF-9618-D673-FA42-6BBFBEDA63EB}.Debug|Any CPU.Build.0 = Debug|Any CPU
		{C17ACBAF-9618-D673-FA42-6BBFBEDA63EB}.Release|Any CPU.ActiveCfg = Release|Any CPU
		{C17ACBAF-9618-D673-FA42-6BBFBEDA63EB}.Release|Any CPU.Build.0 = Release|Any CPU
		{3AA03CDF-66F8-1C00-2868-A03637BDEEC5}.Debug|Any CPU.ActiveCfg = Debug|Any CPU
		{3AA03CDF-66F8-1C00-2868-A03637BDEEC5}.Debug|Any CPU.Build.0 = Debug|Any CPU
		{3AA03CDF-66F8-1C00-2868-A03637BDEEC5}.Release|Any CPU.ActiveCfg = Release|Any CPU
		{3AA03CDF-66F8-1C00-2868-A03637BDEEC5}.Release|Any CPU.Build.0 = Release|Any CPU
		{EBEA8EE7-3564-4705-08E6-0E331B138FBD}.Debug|Any CPU.ActiveCfg = Debug|Any CPU
		{EBEA8EE7-3564-4705-08E6-0E331B138FBD}.Debug|Any CPU.Build.0 = Debug|Any CPU
		{EBEA8EE7-3564-4705-08E6-0E331B138FBD}.Release|Any CPU.ActiveCfg = Release|Any CPU
		{EBEA8EE7-3564-4705-08E6-0E331B138FBD}.Release|Any CPU.Build.0 = Release|Any CPU
		{B2E4609C-3DAB-4614-F03D-69BE30A9F46F}.Debug|Any CPU.ActiveCfg = Debug|Any CPU
		{B2E4609C-3DAB-4614-F03D-69BE30A9F46F}.Debug|Any CPU.Build.0 = Debug|Any CPU
		{B2E4609C-3DAB-4614-F03D-69BE30A9F46F}.Release|Any CPU.ActiveCfg = Release|Any CPU
		{B2E4609C-3DAB-4614-F03D-69BE30A9F46F}.Release|Any CPU.Build.0 = Release|Any CPU
	EndGlobalSection
	GlobalSection(SolutionProperties) = preSolution
		HideSolutionNode = FALSE
	EndGlobalSection
EndGlobal
